
Microsoft Visual Studio Solution File, Format Version 12.00
# Visual Studio Version 17
VisualStudioVersion = 17.4.33213.308
MinimumVisualStudioVersion = 10.0.40219.1
Project("{9A19103F-16F7-4668-BE54-9A1E7A4F7556}") = "RepoExample", "Example\RepoExample.csproj", "{885987A2-1967-45BB-AD6F-301657EFA4DF}"
EndProject
Project("{9A19103F-16F7-4668-BE54-9A1E7A4F7556}") = "MSSQLInfo", "MSSQLInfo\MSSQLInfo.csproj", "{EEEBA416-BA8E-448B-AADF-40C97BE7CF0C}"
EndProject
Project("{9A19103F-16F7-4668-BE54-9A1E7A4F7556}") = "CSharpGenerator", "CSharpGenerator\CSharpGenerator.csproj", "{3C97E8CB-1941-415B-8DD6-1AA59E539C2E}"
EndProject
Project("{9A19103F-16F7-4668-BE54-9A1E7A4F7556}") = "RepoDomain", "RepoDomain\RepoDomain.csproj", "{9C7C1E2A-583B-4361-B0D5-718447EE4B19}"
EndProject
Project("{9A19103F-16F7-4668-BE54-9A1E7A4F7556}") = "MSSQLInfoTests", "MSSQLInfoTests\MSSQLInfoTests.csproj", "{F552FFE9-B6F2-4937-944E-DCD061288230}"
EndProject
Project("{9A19103F-16F7-4668-BE54-9A1E7A4F7556}") = "CSharpGeneratorTests", "CSharpGeneratorTests\CSharpGeneratorTests.csproj", "{B6725E8A-EBE9-4FB7-8B2E-44C02076B7F9}"
EndProject
Project("{9A19103F-16F7-4668-BE54-9A1E7A4F7556}") = "RepoDomainTests", "RepoDomainTests\RepoDomainTests.csproj", "{A4985970-E5B6-4146-9972-58D422DA0BAD}"
EndProject
Project("{FAE04EC0-301F-11D3-BF4B-00C04F79EFBC}") = "WindowsFormsFrontEnd", "WindowsFormsFrontEnd\WindowsFormsFrontEnd.csproj", "{AD8880C9-BF38-411E-B801-AEA6FF35A0F9}"
EndProject
Global
	GlobalSection(SolutionConfigurationPlatforms) = preSolution
		Debug|Any CPU = Debug|Any CPU
		Release|Any CPU = Release|Any CPU
	EndGlobalSection
	GlobalSection(ProjectConfigurationPlatforms) = postSolution
		{885987A2-1967-45BB-AD6F-301657EFA4DF}.Debug|Any CPU.ActiveCfg = Debug|Any CPU
		{885987A2-1967-45BB-AD6F-301657EFA4DF}.Debug|Any CPU.Build.0 = Debug|Any CPU
		{885987A2-1967-45BB-AD6F-301657EFA4DF}.Release|Any CPU.ActiveCfg = Release|Any CPU
		{885987A2-1967-45BB-AD6F-301657EFA4DF}.Release|Any CPU.Build.0 = Release|Any CPU
		{EEEBA416-BA8E-448B-AADF-40C97BE7CF0C}.Debug|Any CPU.ActiveCfg = Debug|Any CPU
		{EEEBA416-BA8E-448B-AADF-40C97BE7CF0C}.Debug|Any CPU.Build.0 = Debug|Any CPU
		{EEEBA416-BA8E-448B-AADF-40C97BE7CF0C}.Release|Any CPU.ActiveCfg = Release|Any CPU
		{EEEBA416-BA8E-448B-AADF-40C97BE7CF0C}.Release|Any CPU.Build.0 = Release|Any CPU
		{3C97E8CB-1941-415B-8DD6-1AA59E539C2E}.Debug|Any CPU.ActiveCfg = Debug|Any CPU
		{3C97E8CB-1941-415B-8DD6-1AA59E539C2E}.Debug|Any CPU.Build.0 = Debug|Any CPU
		{3C97E8CB-1941-415B-8DD6-1AA59E539C2E}.Release|Any CPU.ActiveCfg = Release|Any CPU
		{3C97E8CB-1941-415B-8DD6-1AA59E539C2E}.Release|Any CPU.Build.0 = Release|Any CPU
		{9C7C1E2A-583B-4361-B0D5-718447EE4B19}.Debug|Any CPU.ActiveCfg = Debug|Any CPU
		{9C7C1E2A-583B-4361-B0D5-718447EE4B19}.Debug|Any CPU.Build.0 = Debug|Any CPU
		{9C7C1E2A-583B-4361-B0D5-718447EE4B19}.Release|Any CPU.ActiveCfg = Release|Any CPU
		{9C7C1E2A-583B-4361-B0D5-718447EE4B19}.Release|Any CPU.Build.0 = Release|Any CPU
		{F552FFE9-B6F2-4937-944E-DCD061288230}.Debug|Any CPU.ActiveCfg = Debug|Any CPU
		{F552FFE9-B6F2-4937-944E-DCD061288230}.Debug|Any CPU.Build.0 = Debug|Any CPU
		{F552FFE9-B6F2-4937-944E-DCD061288230}.Release|Any CPU.ActiveCfg = Release|Any CPU
		{F552FFE9-B6F2-4937-944E-DCD061288230}.Release|Any CPU.Build.0 = Release|Any CPU
		{B6725E8A-EBE9-4FB7-8B2E-44C02076B7F9}.Debug|Any CPU.ActiveCfg = Debug|Any CPU
		{B6725E8A-EBE9-4FB7-8B2E-44C02076B7F9}.Debug|Any CPU.Build.0 = Debug|Any CPU
		{B6725E8A-EBE9-4FB7-8B2E-44C02076B7F9}.Release|Any CPU.ActiveCfg = Release|Any CPU
		{B6725E8A-EBE9-4FB7-8B2E-44C02076B7F9}.Release|Any CPU.Build.0 = Release|Any CPU
		{A4985970-E5B6-4146-9972-58D422DA0BAD}.Debug|Any CPU.ActiveCfg = Debug|Any CPU
		{A4985970-E5B6-4146-9972-58D422DA0BAD}.Debug|Any CPU.Build.0 = Debug|Any CPU
		{A4985970-E5B6-4146-9972-58D422DA0BAD}.Release|Any CPU.ActiveCfg = Release|Any CPU
		{A4985970-E5B6-4146-9972-58D422DA0BAD}.Release|Any CPU.Build.0 = Release|Any CPU
		{AD8880C9-BF38-411E-B801-AEA6FF35A0F9}.Debug|Any CPU.ActiveCfg = Debug|Any CPU
		{AD8880C9-BF38-411E-B801-AEA6FF35A0F9}.Debug|Any CPU.Build.0 = Debug|Any CPU
		{AD8880C9-BF38-411E-B801-AEA6FF35A0F9}.Release|Any CPU.ActiveCfg = Release|Any CPU
		{AD8880C9-BF38-411E-B801-AEA6FF35A0F9}.Release|Any CPU.Build.0 = Release|Any CPU
	EndGlobalSection
	GlobalSection(SolutionProperties) = preSolution
		HideSolutionNode = FALSE
	EndGlobalSection
	GlobalSection(ExtensibilityGlobals) = postSolution
		SolutionGuid = {558C16F1-21B8-4BA6-B401-58E2938E94BD}
	EndGlobalSection
EndGlobal
