
Microsoft Visual Studio Solution File, Format Version 12.00
# Visual Studio Version 17
VisualStudioVersion = 17.4.33213.308
MinimumVisualStudioVersion = 10.0.40219.1
Project("{9A19103F-16F7-4668-BE54-9A1E7A4F7556}") = "RepoExample", "Example\RepoExample.csproj", "{885987A2-1967-45BB-AD6F-301657EFA4DF}"
EndProject
Project("{FAE04EC0-301F-11D3-BF4B-00C04F79EFBC}") = "MSSQLInfo", "MSSQLInfo\MSSQLInfo.csproj", "{EEEBA416-BA8E-448B-AADF-40C97BE7CF0C}"
EndProject
Project("{FAE04EC0-301F-11D3-BF4B-00C04F79EFBC}") = "CSharpGenerator", "CSharpGenerator\CSharpGenerator.csproj", "{3C97E8CB-1941-415B-8DD6-1AA59E539C2E}"
EndProject
Project("{FAE04EC0-301F-11D3-BF4B-00C04F79EFBC}") = "RepoDomain", "RepoDomain\RepoDomain.csproj", "{9C7C1E2A-583B-4361-B0D5-718447EE4B19}"
EndProject
Global
	GlobalSection(SolutionConfigurationPlatforms) = preSolution
		Debug|Any CPU = Debug|Any CPU
		Release|Any CPU = Release|Any CPU
	EndGlobalSection
	GlobalSection(ProjectConfigurationPlatforms) = postSolution
		{885987A2-1967-45BB-AD6F-301657EFA4DF}.Debug|Any CPU.ActiveCfg = Debug|Any CPU
		{885987A2-1967-45BB-AD6F-301657EFA4DF}.Debug|Any CPU.Build.0 = Debug|Any CPU
		{885987A2-1967-45BB-AD6F-301657EFA4DF}.Release|Any CPU.ActiveCfg = Release|Any CPU
		{885987A2-1967-45BB-AD6F-301657EFA4DF}.Release|Any CPU.Build.0 = Release|Any CPU
		{EEEBA416-BA8E-448B-AADF-40C97BE7CF0C}.Debug|Any CPU.ActiveCfg = Debug|Any CPU
		{EEEBA416-BA8E-448B-AADF-40C97BE7CF0C}.Debug|Any CPU.Build.0 = Debug|Any CPU
		{EEEBA416-BA8E-448B-AADF-40C97BE7CF0C}.Release|Any CPU.ActiveCfg = Release|Any CPU
		{EEEBA416-BA8E-448B-AADF-40C97BE7CF0C}.Release|Any CPU.Build.0 = Release|Any CPU
		{3C97E8CB-1941-415B-8DD6-1AA59E539C2E}.Debug|Any CPU.ActiveCfg = Debug|Any CPU
		{3C97E8CB-1941-415B-8DD6-1AA59E539C2E}.Debug|Any CPU.Build.0 = Debug|Any CPU
		{3C97E8CB-1941-415B-8DD6-1AA59E539C2E}.Release|Any CPU.ActiveCfg = Release|Any CPU
		{3C97E8CB-1941-415B-8DD6-1AA59E539C2E}.Release|Any CPU.Build.0 = Release|Any CPU
		{9C7C1E2A-583B-4361-B0D5-718447EE4B19}.Debug|Any CPU.ActiveCfg = Debug|Any CPU
		{9C7C1E2A-583B-4361-B0D5-718447EE4B19}.Debug|Any CPU.Build.0 = Debug|Any CPU
		{9C7C1E2A-583B-4361-B0D5-718447EE4B19}.Release|Any CPU.ActiveCfg = Release|Any CPU
		{9C7C1E2A-583B-4361-B0D5-718447EE4B19}.Release|Any CPU.Build.0 = Release|Any CPU
	EndGlobalSection
	GlobalSection(SolutionProperties) = preSolution
		HideSolutionNode = FALSE
	EndGlobalSection
	GlobalSection(ExtensibilityGlobals) = postSolution
		SolutionGuid = {558C16F1-21B8-4BA6-B401-58E2938E94BD}
	EndGlobalSection
EndGlobal
